
Microsoft Visual Studio Solution File, Format Version 12.00
# Visual Studio Version 16
VisualStudioVersion = 16.0.31112.23
MinimumVisualStudioVersion = 10.0.40219.1
Project("{FAE04EC0-301F-11D3-BF4B-00C04F79EFBC}") = "NwRestart", "NwRestart.csproj", "{C657115D-80AB-4DEF-BD5C-C01F23DB343B}"
EndProject
Global
	GlobalSection(SolutionConfigurationPlatforms) = preSolution
		Debug|Any CPU = Debug|Any CPU
		Release|Any CPU = Release|Any CPU
	EndGlobalSection
	GlobalSection(ProjectConfigurationPlatforms) = postSolution
		{C657115D-80AB-4DEF-BD5C-C01F23DB343B}.Debug|Any CPU.ActiveCfg = Debug|Any CPU
		{C657115D-80AB-4DEF-BD5C-C01F23DB343B}.Debug|Any CPU.Build.0 = Debug|Any CPU
		{C657115D-80AB-4DEF-BD5C-C01F23DB343B}.Release|Any CPU.ActiveCfg = Release|Any CPU
		{C657115D-80AB-4DEF-BD5C-C01F23DB343B}.Release|Any CPU.Build.0 = Release|Any CPU
	EndGlobalSection
	GlobalSection(SolutionProperties) = preSolution
		HideSolutionNode = FALSE
	EndGlobalSection
	GlobalSection(ExtensibilityGlobals) = postSolution
		SolutionGuid = {5135831D-2D4A-4F87-B1DC-7DCE076AE82B}
	EndGlobalSection
EndGlobal
